// !$*UTF8*$!
{
	archiveVersion = 1;
	classes = {
	};
	objectVersion = 55;
	objects = {

/* Begin PBXBuildFile section */
		EE784834288D7B7400D98888 /* AppDelegate.swift in Sources */ = {isa = PBXBuildFile; fileRef = EE784833288D7B7400D98888 /* AppDelegate.swift */; };
		EE784836288D7B7400D98888 /* SceneDelegate.swift in Sources */ = {isa = PBXBuildFile; fileRef = EE784835288D7B7400D98888 /* SceneDelegate.swift */; };
		EE784838288D7B7400D98888 /* ViewController.swift in Sources */ = {isa = PBXBuildFile; fileRef = EE784837288D7B7400D98888 /* ViewController.swift */; };
		EE78483B288D7B7400D98888 /* Main.storyboard in Resources */ = {isa = PBXBuildFile; fileRef = EE784839288D7B7400D98888 /* Main.storyboard */; };
		EE78483D288D7B7500D98888 /* Assets.xcassets in Resources */ = {isa = PBXBuildFile; fileRef = EE78483C288D7B7500D98888 /* Assets.xcassets */; };
		EE784840288D7B7500D98888 /* LaunchScreen.storyboard in Resources */ = {isa = PBXBuildFile; fileRef = EE78483E288D7B7500D98888 /* LaunchScreen.storyboard */; };
		EE78484B288D7B7500D98888 /* hsapmakinesiTests.swift in Sources */ = {isa = PBXBuildFile; fileRef = EE78484A288D7B7500D98888 /* hsapmakinesiTests.swift */; };
		EE784855288D7B7500D98888 /* hsapmakinesiUITests.swift in Sources */ = {isa = PBXBuildFile; fileRef = EE784854288D7B7500D98888 /* hsapmakinesiUITests.swift */; };
		EE784857288D7B7500D98888 /* hsapmakinesiUITestsLaunchTests.swift in Sources */ = {isa = PBXBuildFile; fileRef = EE784856288D7B7500D98888 /* hsapmakinesiUITestsLaunchTests.swift */; };
/* End PBXBuildFile section */

/* Begin PBXContainerItemProxy section */
		EE784847288D7B7500D98888 /* PBXContainerItemProxy */ = {
			isa = PBXContainerItemProxy;
			containerPortal = EE784828288D7B7400D98888 /* Project object */;
			proxyType = 1;
			remoteGlobalIDString = EE78482F288D7B7400D98888;
			remoteInfo = hsapmakinesi;
		};
		EE784851288D7B7500D98888 /* PBXContainerItemProxy */ = {
			isa = PBXContainerItemProxy;
			containerPortal = EE784828288D7B7400D98888 /* Project object */;
			proxyType = 1;
			remoteGlobalIDString = EE78482F288D7B7400D98888;
			remoteInfo = hsapmakinesi;
		};
/* End PBXContainerItemProxy section */

/* Begin PBXFileReference section */
		EE784830288D7B7400D98888 /* hsapmakinesi.app */ = {isa = PBXFileReference; explicitFileType = wrapper.application; includeInIndex = 0; path = hsapmakinesi.app; sourceTree = BUILT_PRODUCTS_DIR; };
		EE784833288D7B7400D98888 /* AppDelegate.swift */ = {isa = PBXFileReference; lastKnownFileType = sourcecode.swift; path = AppDelegate.swift; sourceTree = "<group>"; };
		EE784835288D7B7400D98888 /* SceneDelegate.swift */ = {isa = PBXFileReference; lastKnownFileType = sourcecode.swift; path = SceneDelegate.swift; sourceTree = "<group>"; };
		EE784837288D7B7400D98888 /* ViewController.swift */ = {isa = PBXFileReference; lastKnownFileType = sourcecode.swift; path = ViewController.swift; sourceTree = "<group>"; };
		EE78483A288D7B7400D98888 /* Base */ = {isa = PBXFileReference; lastKnownFileType = file.storyboard; name = Base; path = Base.lproj/Main.storyboard; sourceTree = "<group>"; };
		EE78483C288D7B7500D98888 /* Assets.xcassets */ = {isa = PBXFileReference; lastKnownFileType = folder.assetcatalog; path = Assets.xcassets; sourceTree = "<group>"; };
		EE78483F288D7B7500D98888 /* Base */ = {isa = PBXFileReference; lastKnownFileType = file.storyboard; name = Base; path = Base.lproj/LaunchScreen.storyboard; sourceTree = "<group>"; };
		EE784841288D7B7500D98888 /* Info.plist */ = {isa = PBXFileReference; lastKnownFileType = text.plist.xml; path = Info.plist; sourceTree = "<group>"; };
		EE784846288D7B7500D98888 /* hsapmakinesiTests.xctest */ = {isa = PBXFileReference; explicitFileType = wrapper.cfbundle; includeInIndex = 0; path = hsapmakinesiTests.xctest; sourceTree = BUILT_PRODUCTS_DIR; };
		EE78484A288D7B7500D98888 /* hsapmakinesiTests.swift */ = {isa = PBXFileReference; lastKnownFileType = sourcecode.swift; path = hsapmakinesiTests.swift; sourceTree = "<group>"; };
		EE784850288D7B7500D98888 /* hsapmakinesiUITests.xctest */ = {isa = PBXFileReference; explicitFileType = wrapper.cfbundle; includeInIndex = 0; path = hsapmakinesiUITests.xctest; sourceTree = BUILT_PRODUCTS_DIR; };
		EE784854288D7B7500D98888 /* hsapmakinesiUITests.swift */ = {isa = PBXFileReference; lastKnownFileType = sourcecode.swift; path = hsapmakinesiUITests.swift; sourceTree = "<group>"; };
		EE784856288D7B7500D98888 /* hsapmakinesiUITestsLaunchTests.swift */ = {isa = PBXFileReference; lastKnownFileType = sourcecode.swift; path = hsapmakinesiUITestsLaunchTests.swift; sourceTree = "<group>"; };
/* End PBXFileReference section */

/* Begin PBXFrameworksBuildPhase section */
		EE78482D288D7B7400D98888 /* Frameworks */ = {
			isa = PBXFrameworksBuildPhase;
			buildActionMask = 2147483647;
			files = (
			);
			runOnlyForDeploymentPostprocessing = 0;
		};
		EE784843288D7B7500D98888 /* Frameworks */ = {
			isa = PBXFrameworksBuildPhase;
			buildActionMask = 2147483647;
			files = (
			);
			runOnlyForDeploymentPostprocessing = 0;
		};
		EE78484D288D7B7500D98888 /* Frameworks */ = {
			isa = PBXFrameworksBuildPhase;
			buildActionMask = 2147483647;
			files = (
			);
			runOnlyForDeploymentPostprocessing = 0;
		};
/* End PBXFrameworksBuildPhase section */

/* Begin PBXGroup section */
		EE784827288D7B7400D98888 = {
			isa = PBXGroup;
			children = (
				EE784832288D7B7400D98888 /* hsapmakinesi */,
				EE784849288D7B7500D98888 /* hsapmakinesiTests */,
				EE784853288D7B7500D98888 /* hsapmakinesiUITests */,
				EE784831288D7B7400D98888 /* Products */,
			);
			sourceTree = "<group>";
		};
		EE784831288D7B7400D98888 /* Products */ = {
			isa = PBXGroup;
			children = (
				EE784830288D7B7400D98888 /* hsapmakinesi.app */,
				EE784846288D7B7500D98888 /* hsapmakinesiTests.xctest */,
				EE784850288D7B7500D98888 /* hsapmakinesiUITests.xctest */,
			);
			name = Products;
			sourceTree = "<group>";
		};
		EE784832288D7B7400D98888 /* hsapmakinesi */ = {
			isa = PBXGroup;
			children = (
				EE784833288D7B7400D98888 /* AppDelegate.swift */,
				EE784835288D7B7400D98888 /* SceneDelegate.swift */,
				EE784837288D7B7400D98888 /* ViewController.swift */,
				EE784839288D7B7400D98888 /* Main.storyboard */,
				EE78483C288D7B7500D98888 /* Assets.xcassets */,
				EE78483E288D7B7500D98888 /* LaunchScreen.storyboard */,
				EE784841288D7B7500D98888 /* Info.plist */,
			);
			path = hsapmakinesi;
			sourceTree = "<group>";
		};
		EE784849288D7B7500D98888 /* hsapmakinesiTests */ = {
			isa = PBXGroup;
			children = (
				EE78484A288D7B7500D98888 /* hsapmakinesiTests.swift */,
			);
			path = hsapmakinesiTests;
			sourceTree = "<group>";
		};
		EE784853288D7B7500D98888 /* hsapmakinesiUITests */ = {
			isa = PBXGroup;
			children = (
				EE784854288D7B7500D98888 /* hsapmakinesiUITests.swift */,
				EE784856288D7B7500D98888 /* hsapmakinesiUITestsLaunchTests.swift */,
			);
			path = hsapmakinesiUITests;
			sourceTree = "<group>";
		};
/* End PBXGroup section */

/* Begin PBXNativeTarget section */
		EE78482F288D7B7400D98888 /* hsapmakinesi */ = {
			isa = PBXNativeTarget;
			buildConfigurationList = EE78485A288D7B7500D98888 /* Build configuration list for PBXNativeTarget "hsapmakinesi" */;
			buildPhases = (
				EE78482C288D7B7400D98888 /* Sources */,
				EE78482D288D7B7400D98888 /* Frameworks */,
				EE78482E288D7B7400D98888 /* Resources */,
			);
			buildRules = (
			);
			dependencies = (
			);
			name = hsapmakinesi;
			productName = hsapmakinesi;
			productReference = EE784830288D7B7400D98888 /* hsapmakinesi.app */;
			productType = "com.apple.product-type.application";
		};
		EE784845288D7B7500D98888 /* hsapmakinesiTests */ = {
			isa = PBXNativeTarget;
			buildConfigurationList = EE78485D288D7B7500D98888 /* Build configuration list for PBXNativeTarget "hsapmakinesiTests" */;
			buildPhases = (
				EE784842288D7B7500D98888 /* Sources */,
				EE784843288D7B7500D98888 /* Frameworks */,
				EE784844288D7B7500D98888 /* Resources */,
			);
			buildRules = (
			);
			dependencies = (
				EE784848288D7B7500D98888 /* PBXTargetDependency */,
			);
			name = hsapmakinesiTests;
			productName = hsapmakinesiTests;
			productReference = EE784846288D7B7500D98888 /* hsapmakinesiTests.xctest */;
			productType = "com.apple.product-type.bundle.unit-test";
		};
		EE78484F288D7B7500D98888 /* hsapmakinesiUITests */ = {
			isa = PBXNativeTarget;
			buildConfigurationList = EE784860288D7B7500D98888 /* Build configuration list for PBXNativeTarget "hsapmakinesiUITests" */;
			buildPhases = (
				EE78484C288D7B7500D98888 /* Sources */,
				EE78484D288D7B7500D98888 /* Frameworks */,
				EE78484E288D7B7500D98888 /* Resources */,
			);
			buildRules = (
			);
			dependencies = (
				EE784852288D7B7500D98888 /* PBXTargetDependency */,
			);
			name = hsapmakinesiUITests;
			productName = hsapmakinesiUITests;
			productReference = EE784850288D7B7500D98888 /* hsapmakinesiUITests.xctest */;
			productType = "com.apple.product-type.bundle.ui-testing";
		};
/* End PBXNativeTarget section */

/* Begin PBXProject section */
		EE784828288D7B7400D98888 /* Project object */ = {
			isa = PBXProject;
			attributes = {
				BuildIndependentTargetsInParallel = 1;
				LastSwiftUpdateCheck = 1340;
				LastUpgradeCheck = 1340;
				TargetAttributes = {
					EE78482F288D7B7400D98888 = {
						CreatedOnToolsVersion = 13.4.1;
					};
					EE784845288D7B7500D98888 = {
						CreatedOnToolsVersion = 13.4.1;
						TestTargetID = EE78482F288D7B7400D98888;
					};
					EE78484F288D7B7500D98888 = {
						CreatedOnToolsVersion = 13.4.1;
						TestTargetID = EE78482F288D7B7400D98888;
					};
				};
			};
			buildConfigurationList = EE78482B288D7B7400D98888 /* Build configuration list for PBXProject "hsapmakinesi" */;
			compatibilityVersion = "Xcode 13.0";
			developmentRegion = en;
			hasScannedForEncodings = 0;
			knownRegions = (
				en,
				Base,
			);
			mainGroup = EE784827288D7B7400D98888;
			productRefGroup = EE784831288D7B7400D98888 /* Products */;
			projectDirPath = "";
			projectRoot = "";
			targets = (
				EE78482F288D7B7400D98888 /* hsapmakinesi */,
				EE784845288D7B7500D98888 /* hsapmakinesiTests */,
				EE78484F288D7B7500D98888 /* hsapmakinesiUITests */,
			);
		};
/* End PBXProject section */

/* Begin PBXResourcesBuildPhase section */
		EE78482E288D7B7400D98888 /* Resources */ = {
			isa = PBXResourcesBuildPhase;
			buildActionMask = 2147483647;
			files = (
				EE784840288D7B7500D98888 /* LaunchScreen.storyboard in Resources */,
				EE78483D288D7B7500D98888 /* Assets.xcassets in Resources */,
				EE78483B288D7B7400D98888 /* Main.storyboard in Resources */,
			);
			runOnlyForDeploymentPostprocessing = 0;
		};
		EE784844288D7B7500D98888 /* Resources */ = {
			isa = PBXResourcesBuildPhase;
			buildActionMask = 2147483647;
			files = (
			);
			runOnlyForDeploymentPostprocessing = 0;
		};
		EE78484E288D7B7500D98888 /* Resources */ = {
			isa = PBXResourcesBuildPhase;
			buildActionMask = 2147483647;
			files = (
			);
			runOnlyForDeploymentPostprocessing = 0;
		};
/* End PBXResourcesBuildPhase section */

/* Begin PBXSourcesBuildPhase section */
		EE78482C288D7B7400D98888 /* Sources */ = {
			isa = PBXSourcesBuildPhase;
			buildActionMask = 2147483647;
			files = (
				EE784838288D7B7400D98888 /* ViewController.swift in Sources */,
				EE784834288D7B7400D98888 /* AppDelegate.swift in Sources */,
				EE784836288D7B7400D98888 /* SceneDelegate.swift in Sources */,
			);
			runOnlyForDeploymentPostprocessing = 0;
		};
		EE784842288D7B7500D98888 /* Sources */ = {
			isa = PBXSourcesBuildPhase;
			buildActionMask = 2147483647;
			files = (
				EE78484B288D7B7500D98888 /* hsapmakinesiTests.swift in Sources */,
			);
			runOnlyForDeploymentPostprocessing = 0;
		};
		EE78484C288D7B7500D98888 /* Sources */ = {
			isa = PBXSourcesBuildPhase;
			buildActionMask = 2147483647;
			files = (
				EE784855288D7B7500D98888 /* hsapmakinesiUITests.swift in Sources */,
				EE784857288D7B7500D98888 /* hsapmakinesiUITestsLaunchTests.swift in Sources */,
			);
			runOnlyForDeploymentPostprocessing = 0;
		};
/* End PBXSourcesBuildPhase section */

/* Begin PBXTargetDependency section */
		EE784848288D7B7500D98888 /* PBXTargetDependency */ = {
			isa = PBXTargetDependency;
			target = EE78482F288D7B7400D98888 /* hsapmakinesi */;
			targetProxy = EE784847288D7B7500D98888 /* PBXContainerItemProxy */;
		};
		EE784852288D7B7500D98888 /* PBXTargetDependency */ = {
			isa = PBXTargetDependency;
			target = EE78482F288D7B7400D98888 /* hsapmakinesi */;
			targetProxy = EE784851288D7B7500D98888 /* PBXContainerItemProxy */;
		};
/* End PBXTargetDependency section */

/* Begin PBXVariantGroup section */
		EE784839288D7B7400D98888 /* Main.storyboard */ = {
			isa = PBXVariantGroup;
			children = (
				EE78483A288D7B7400D98888 /* Base */,
			);
			name = Main.storyboard;
			sourceTree = "<group>";
		};
		EE78483E288D7B7500D98888 /* LaunchScreen.storyboard */ = {
			isa = PBXVariantGroup;
			children = (
				EE78483F288D7B7500D98888 /* Base */,
			);
			name = LaunchScreen.storyboard;
			sourceTree = "<group>";
		};
/* End PBXVariantGroup section */

/* Begin XCBuildConfiguration section */
		EE784858288D7B7500D98888 /* Debug */ = {
			isa = XCBuildConfiguration;
			buildSettings = {
				ALWAYS_SEARCH_USER_PATHS = NO;
				CLANG_ANALYZER_NONNULL = YES;
				CLANG_ANALYZER_NUMBER_OBJECT_CONVERSION = YES_AGGRESSIVE;
				CLANG_CXX_LANGUAGE_STANDARD = "gnu++17";
				CLANG_ENABLE_MODULES = YES;
				CLANG_ENABLE_OBJC_ARC = YES;
				CLANG_ENABLE_OBJC_WEAK = YES;
				CLANG_WARN_BLOCK_CAPTURE_AUTORELEASING = YES;
				CLANG_WARN_BOOL_CONVERSION = YES;
				CLANG_WARN_COMMA = YES;
				CLANG_WARN_CONSTANT_CONVERSION = YES;
				CLANG_WARN_DEPRECATED_OBJC_IMPLEMENTATIONS = YES;
				CLANG_WARN_DIRECT_OBJC_ISA_USAGE = YES_ERROR;
				CLANG_WARN_DOCUMENTATION_COMMENTS = YES;
				CLANG_WARN_EMPTY_BODY = YES;
				CLANG_WARN_ENUM_CONVERSION = YES;
				CLANG_WARN_INFINITE_RECURSION = YES;
				CLANG_WARN_INT_CONVERSION = YES;
				CLANG_WARN_NON_LITERAL_NULL_CONVERSION = YES;
				CLANG_WARN_OBJC_IMPLICIT_RETAIN_SELF = YES;
				CLANG_WARN_OBJC_LITERAL_CONVERSION = YES;
				CLANG_WARN_OBJC_ROOT_CLASS = YES_ERROR;
				CLANG_WARN_QUOTED_INCLUDE_IN_FRAMEWORK_HEADER = YES;
				CLANG_WARN_RANGE_LOOP_ANALYSIS = YES;
				CLANG_WARN_STRICT_PROTOTYPES = YES;
				CLANG_WARN_SUSPICIOUS_MOVE = YES;
				CLANG_WARN_UNGUARDED_AVAILABILITY = YES_AGGRESSIVE;
				CLANG_WARN_UNREACHABLE_CODE = YES;
				CLANG_WARN__DUPLICATE_METHOD_MATCH = YES;
				COPY_PHASE_STRIP = NO;
				DEBUG_INFORMATION_FORMAT = dwarf;
				ENABLE_STRICT_OBJC_MSGSEND = YES;
				ENABLE_TESTABILITY = YES;
				GCC_C_LANGUAGE_STANDARD = gnu11;
				GCC_DYNAMIC_NO_PIC = NO;
				GCC_NO_COMMON_BLOCKS = YES;
				GCC_OPTIMIZATION_LEVEL = 0;
				GCC_PREPROCESSOR_DEFINITIONS = (
					"DEBUG=1",
					"$(inherited)",
				);
				GCC_WARN_64_TO_32_BIT_CONVERSION = YES;
				GCC_WARN_ABOUT_RETURN_TYPE = YES_ERROR;
				GCC_WARN_UNDECLARED_SELECTOR = YES;
				GCC_WARN_UNINITIALIZED_AUTOS = YES_AGGRESSIVE;
				GCC_WARN_UNUSED_FUNCTION = YES;
				GCC_WARN_UNUSED_VARIABLE = YES;
				IPHONEOS_DEPLOYMENT_TARGET = 15.5;
				MTL_ENABLE_DEBUG_INFO = INCLUDE_SOURCE;
				MTL_FAST_MATH = YES;
				ONLY_ACTIVE_ARCH = YES;
				SDKROOT = iphoneos;
				SWIFT_ACTIVE_COMPILATION_CONDITIONS = DEBUG;
				SWIFT_OPTIMIZATION_LEVEL = "-Onone";
			};
			name = Debug;
		};
		EE784859288D7B7500D98888 /* Release */ = {
			isa = XCBuildConfiguration;
			buildSettings = {
				ALWAYS_SEARCH_USER_PATHS = NO;
				CLANG_ANALYZER_NONNULL = YES;
				CLANG_ANALYZER_NUMBER_OBJECT_CONVERSION = YES_AGGRESSIVE;
				CLANG_CXX_LANGUAGE_STANDARD = "gnu++17";
				CLANG_ENABLE_MODULES = YES;
				CLANG_ENABLE_OBJC_ARC = YES;
				CLANG_ENABLE_OBJC_WEAK = YES;
				CLANG_WARN_BLOCK_CAPTURE_AUTORELEASING = YES;
				CLANG_WARN_BOOL_CONVERSION = YES;
				CLANG_WARN_COMMA = YES;
				CLANG_WARN_CONSTANT_CONVERSION = YES;
				CLANG_WARN_DEPRECATED_OBJC_IMPLEMENTATIONS = YES;
				CLANG_WARN_DIRECT_OBJC_ISA_USAGE = YES_ERROR;
				CLANG_WARN_DOCUMENTATION_COMMENTS = YES;
				CLANG_WARN_EMPTY_BODY = YES;
				CLANG_WARN_ENUM_CONVERSION = YES;
				CLANG_WARN_INFINITE_RECURSION = YES;
				CLANG_WARN_INT_CONVERSION = YES;
				CLANG_WARN_NON_LITERAL_NULL_CONVERSION = YES;
				CLANG_WARN_OBJC_IMPLICIT_RETAIN_SELF = YES;
				CLANG_WARN_OBJC_LITERAL_CONVERSION = YES;
				CLANG_WARN_OBJC_ROOT_CLASS = YES_ERROR;
				CLANG_WARN_QUOTED_INCLUDE_IN_FRAMEWORK_HEADER = YES;
				CLANG_WARN_RANGE_LOOP_ANALYSIS = YES;
				CLANG_WARN_STRICT_PROTOTYPES = YES;
				CLANG_WARN_SUSPICIOUS_MOVE = YES;
				CLANG_WARN_UNGUARDED_AVAILABILITY = YES_AGGRESSIVE;
				CLANG_WARN_UNREACHABLE_CODE = YES;
				CLANG_WARN__DUPLICATE_METHOD_MATCH = YES;
				COPY_PHASE_STRIP = NO;
				DEBUG_INFORMATION_FORMAT = "dwarf-with-dsym";
				ENABLE_NS_ASSERTIONS = NO;
				ENABLE_STRICT_OBJC_MSGSEND = YES;
				GCC_C_LANGUAGE_STANDARD = gnu11;
				GCC_NO_COMMON_BLOCKS = YES;
				GCC_WARN_64_TO_32_BIT_CONVERSION = YES;
				GCC_WARN_ABOUT_RETURN_TYPE = YES_ERROR;
				GCC_WARN_UNDECLARED_SELECTOR = YES;
				GCC_WARN_UNINITIALIZED_AUTOS = YES_AGGRESSIVE;
				GCC_WARN_UNUSED_FUNCTION = YES;
				GCC_WARN_UNUSED_VARIABLE = YES;
				IPHONEOS_DEPLOYMENT_TARGET = 15.5;
				MTL_ENABLE_DEBUG_INFO = NO;
				MTL_FAST_MATH = YES;
				SDKROOT = iphoneos;
				SWIFT_COMPILATION_MODE = wholemodule;
				SWIFT_OPTIMIZATION_LEVEL = "-O";
				VALIDATE_PRODUCT = YES;
			};
			name = Release;
		};
		EE78485B288D7B7500D98888 /* Debug */ = {
			isa = XCBuildConfiguration;
			buildSettings = {
				ASSETCATALOG_COMPILER_APPICON_NAME = AppIcon;
				ASSETCATALOG_COMPILER_GLOBAL_ACCENT_COLOR_NAME = AccentColor;
				CODE_SIGN_STYLE = Automatic;
				CURRENT_PROJECT_VERSION = 1;
				DEVELOPMENT_TEAM = 2YA4AY6W79;
				GENERATE_INFOPLIST_FILE = YES;
				INFOPLIST_FILE = hsapmakinesi/Info.plist;
				INFOPLIST_KEY_UIApplicationSupportsIndirectInputEvents = YES;
				INFOPLIST_KEY_UILaunchStoryboardName = LaunchScreen;
				INFOPLIST_KEY_UIMainStoryboardFile = Main;
				INFOPLIST_KEY_UISupportedInterfaceOrientations_iPad = "UIInterfaceOrientationPortrait UIInterfaceOrientationPortraitUpsideDown UIInterfaceOrientationLandscapeLeft UIInterfaceOrientationLandscapeRight";
				INFOPLIST_KEY_UISupportedInterfaceOrientations_iPhone = "UIInterfaceOrientationPortrait UIInterfaceOrientationLandscapeLeft UIInterfaceOrientationLandscapeRight";
				LD_RUNPATH_SEARCH_PATHS = (
					"$(inherited)",
					"@executable_path/Frameworks",
				);
				MARKETING_VERSION = 1.0;
				PRODUCT_BUNDLE_IDENTIFIER = com.sinem.hsapmakinesi;
				PRODUCT_NAME = "$(TARGET_NAME)";
				SWIFT_EMIT_LOC_STRINGS = YES;
				SWIFT_VERSION = 5.0;
				TARGETED_DEVICE_FAMILY = "1,2";
			};
			name = Debug;
		};
		EE78485C288D7B7500D98888 /* Release */ = {
			isa = XCBuildConfiguration;
			buildSettings = {
				ASSETCATALOG_COMPILER_APPICON_NAME = AppIcon;
				ASSETCATALOG_COMPILER_GLOBAL_ACCENT_COLOR_NAME = AccentColor;
				CODE_SIGN_STYLE = Automatic;
				CURRENT_PROJECT_VERSION = 1;
				DEVELOPMENT_TEAM = 2YA4AY6W79;
				GENERATE_INFOPLIST_FILE = YES;
				INFOPLIST_FILE = hsapmakinesi/Info.plist;
				INFOPLIST_KEY_UIApplicationSupportsIndirectInputEvents = YES;
				INFOPLIST_KEY_UILaunchStoryboardName = LaunchScreen;
				INFOPLIST_KEY_UIMainStoryboardFile = Main;
				INFOPLIST_KEY_UISupportedInterfaceOrientations_iPad = "UIInterfaceOrientationPortrait UIInterfaceOrientationPortraitUpsideDown UIInterfaceOrientationLandscapeLeft UIInterfaceOrientationLandscapeRight";
				INFOPLIST_KEY_UISupportedInterfaceOrientations_iPhone = "UIInterfaceOrientationPortrait UIInterfaceOrientationLandscapeLeft UIInterfaceOrientationLandscapeRight";
				LD_RUNPATH_SEARCH_PATHS = (
					"$(inherited)",
					"@executable_path/Frameworks",
				);
				MARKETING_VERSION = 1.0;
				PRODUCT_BUNDLE_IDENTIFIER = com.sinem.hsapmakinesi;
				PRODUCT_NAME = "$(TARGET_NAME)";
				SWIFT_EMIT_LOC_STRINGS = YES;
				SWIFT_VERSION = 5.0;
				TARGETED_DEVICE_FAMILY = "1,2";
			};
			name = Release;
		};
		EE78485E288D7B7500D98888 /* Debug */ = {
			isa = XCBuildConfiguration;
			buildSettings = {
				ALWAYS_EMBED_SWIFT_STANDARD_LIBRARIES = YES;
				BUNDLE_LOADER = "$(TEST_HOST)";
				CODE_SIGN_STYLE = Automatic;
				CURRENT_PROJECT_VERSION = 1;
				DEVELOPMENT_TEAM = 2YA4AY6W79;
				GENERATE_INFOPLIST_FILE = YES;
				IPHONEOS_DEPLOYMENT_TARGET = 15.5;
				MARKETING_VERSION = 1.0;
				PRODUCT_BUNDLE_IDENTIFIER = com.sinem.hsapmakinesiTests;
				PRODUCT_NAME = "$(TARGET_NAME)";
				SWIFT_EMIT_LOC_STRINGS = NO;
				SWIFT_VERSION = 5.0;
				TARGETED_DEVICE_FAMILY = "1,2";
				TEST_HOST = "$(BUILT_PRODUCTS_DIR)/hsapmakinesi.app/hsapmakinesi";
			};
			name = Debug;
		};
		EE78485F288D7B7500D98888 /* Release */ = {
			isa = XCBuildConfiguration;
			buildSettings = {
				ALWAYS_EMBED_SWIFT_STANDARD_LIBRARIES = YES;
				BUNDLE_LOADER = "$(TEST_HOST)";
				CODE_SIGN_STYLE = Automatic;
				CURRENT_PROJECT_VERSION = 1;
				DEVELOPMENT_TEAM = 2YA4AY6W79;
				GENERATE_INFOPLIST_FILE = YES;
				IPHONEOS_DEPLOYMENT_TARGET = 15.5;
				MARKETING_VERSION = 1.0;
				PRODUCT_BUNDLE_IDENTIFIER = com.sinem.hsapmakinesiTests;
				PRODUCT_NAME = "$(TARGET_NAME)";
				SWIFT_EMIT_LOC_STRINGS = NO;
				SWIFT_VERSION = 5.0;
				TARGETED_DEVICE_FAMILY = "1,2";
				TEST_HOST = "$(BUILT_PRODUCTS_DIR)/hsapmakinesi.app/hsapmakinesi";
			};
			name = Release;
		};
		EE784861288D7B7500D98888 /* Debug */ = {
			isa = XCBuildConfiguration;
			buildSettings = {
				ALWAYS_EMBED_SWIFT_STANDARD_LIBRARIES = YES;
				CODE_SIGN_STYLE = Automatic;
				CURRENT_PROJECT_VERSION = 1;
				DEVELOPMENT_TEAM = 2YA4AY6W79;
				GENERATE_INFOPLIST_FILE = YES;
				MARKETING_VERSION = 1.0;
				PRODUCT_BUNDLE_IDENTIFIER = com.sinem.hsapmakinesiUITests;
				PRODUCT_NAME = "$(TARGET_NAME)";
				SWIFT_EMIT_LOC_STRINGS = NO;
				SWIFT_VERSION = 5.0;
				TARGETED_DEVICE_FAMILY = "1,2";
				TEST_TARGET_NAME = hsapmakinesi;
			};
			name = Debug;
		};
		EE784862288D7B7500D98888 /* Release */ = {
			isa = XCBuildConfiguration;
			buildSettings = {
				ALWAYS_EMBED_SWIFT_STANDARD_LIBRARIES = YES;
				CODE_SIGN_STYLE = Automatic;
				CURRENT_PROJECT_VERSION = 1;
				DEVELOPMENT_TEAM = 2YA4AY6W79;
				GENERATE_INFOPLIST_FILE = YES;
				MARKETING_VERSION = 1.0;
				PRODUCT_BUNDLE_IDENTIFIER = com.sinem.hsapmakinesiUITests;
				PRODUCT_NAME = "$(TARGET_NAME)";
				SWIFT_EMIT_LOC_STRINGS = NO;
				SWIFT_VERSION = 5.0;
				TARGETED_DEVICE_FAMILY = "1,2";
				TEST_TARGET_NAME = hsapmakinesi;
			};
			name = Release;
		};
/* End XCBuildConfiguration section */

/* Begin XCConfigurationList section */
		EE78482B288D7B7400D98888 /* Build configuration list for PBXProject "hsapmakinesi" */ = {
			isa = XCConfigurationList;
			buildConfigurations = (
				EE784858288D7B7500D98888 /* Debug */,
				EE784859288D7B7500D98888 /* Release */,
			);
			defaultConfigurationIsVisible = 0;
			defaultConfigurationName = Release;
		};
		EE78485A288D7B7500D98888 /* Build configuration list for PBXNativeTarget "hsapmakinesi" */ = {
			isa = XCConfigurationList;
			buildConfigurations = (
				EE78485B288D7B7500D98888 /* Debug */,
				EE78485C288D7B7500D98888 /* Release */,
			);
			defaultConfigurationIsVisible = 0;
			defaultConfigurationName = Release;
		};
		EE78485D288D7B7500D98888 /* Build configuration list for PBXNativeTarget "hsapmakinesiTests" */ = {
			isa = XCConfigurationList;
			buildConfigurations = (
				EE78485E288D7B7500D98888 /* Debug */,
				EE78485F288D7B7500D98888 /* Release */,
			);
			defaultConfigurationIsVisible = 0;
			defaultConfigurationName = Release;
		};
		EE784860288D7B7500D98888 /* Build configuration list for PBXNativeTarget "hsapmakinesiUITests" */ = {
			isa = XCConfigurationList;
			buildConfigurations = (
				EE784861288D7B7500D98888 /* Debug */,
				EE784862288D7B7500D98888 /* Release */,
			);
			defaultConfigurationIsVisible = 0;
			defaultConfigurationName = Release;
		};
/* End XCConfigurationList section */
	};
	rootObject = EE784828288D7B7400D98888 /* Project object */;
}
